
Microsoft Visual Studio Solution File, Format Version 12.00
# Visual Studio Version 17
VisualStudioVersion = 17.6.33723.286
MinimumVisualStudioVersion = 10.0.40219.1
Project("{FAE04EC0-301F-11D3-BF4B-00C04F79EFBC}") = "SlidingBalls", "SlidingBalls\SlidingBalls.csproj", "{AF273605-351F-43D8-B796-46B003B002EF}"
EndProject
Global
	GlobalSection(SolutionConfigurationPlatforms) = preSolution
		Debug|Any CPU = Debug|Any CPU
		Release|Any CPU = Release|Any CPU
	EndGlobalSection
	GlobalSection(ProjectConfigurationPlatforms) = postSolution
		{AF273605-351F-43D8-B796-46B003B002EF}.Debug|Any CPU.ActiveCfg = Debug|Any CPU
		{AF273605-351F-43D8-B796-46B003B002EF}.Debug|Any CPU.Build.0 = Debug|Any CPU
		{AF273605-351F-43D8-B796-46B003B002EF}.Release|Any CPU.ActiveCfg = Release|Any CPU
		{AF273605-351F-43D8-B796-46B003B002EF}.Release|Any CPU.Build.0 = Release|Any CPU
	EndGlobalSection
	GlobalSection(SolutionProperties) = preSolution
		HideSolutionNode = FALSE
	EndGlobalSection
	GlobalSection(ExtensibilityGlobals) = postSolution
		SolutionGuid = {E5F858AD-27DB-4F85-B339-14D528FB9216}
	EndGlobalSection
EndGlobal
